
Microsoft Visual Studio Solution File, Format Version 12.00
# Visual Studio Version 17
VisualStudioVersion = 17.9.34622.214
MinimumVisualStudioVersion = 10.0.40219.1
Project("{9A19103F-16F7-4668-BE54-9A1E7A4F7556}") = "UnpackBench", "testtranspose\UnpackBench.csproj", "{71FBFFB6-C5D8-4019-801B-FEEB3305E603}"
EndProject
Project("{FAE04EC0-301F-11D3-BF4B-00C04F79EFBC}") = "IEnumerableUnpacker", "IEnumerableUnpacker\IEnumerableUnpacker.csproj", "{C4D6AD12-1523-4942-8215-A6652058FDE8}"
EndProject
Global
	GlobalSection(SolutionConfigurationPlatforms) = preSolution
		Debug|Any CPU = Debug|Any CPU
		Release|Any CPU = Release|Any CPU
	EndGlobalSection
	GlobalSection(ProjectConfigurationPlatforms) = postSolution
		{71FBFFB6-C5D8-4019-801B-FEEB3305E603}.Debug|Any CPU.ActiveCfg = Debug|Any CPU
		{71FBFFB6-C5D8-4019-801B-FEEB3305E603}.Debug|Any CPU.Build.0 = Debug|Any CPU
		{71FBFFB6-C5D8-4019-801B-FEEB3305E603}.Release|Any CPU.ActiveCfg = Release|Any CPU
		{71FBFFB6-C5D8-4019-801B-FEEB3305E603}.Release|Any CPU.Build.0 = Release|Any CPU
		{C4D6AD12-1523-4942-8215-A6652058FDE8}.Debug|Any CPU.ActiveCfg = Debug|Any CPU
		{C4D6AD12-1523-4942-8215-A6652058FDE8}.Debug|Any CPU.Build.0 = Debug|Any CPU
		{C4D6AD12-1523-4942-8215-A6652058FDE8}.Release|Any CPU.ActiveCfg = Release|Any CPU
		{C4D6AD12-1523-4942-8215-A6652058FDE8}.Release|Any CPU.Build.0 = Release|Any CPU
	EndGlobalSection
	GlobalSection(SolutionProperties) = preSolution
		HideSolutionNode = FALSE
	EndGlobalSection
	GlobalSection(ExtensibilityGlobals) = postSolution
		SolutionGuid = {A2E9FCFB-F4FD-4D3A-A26D-7FF62D61CCA1}
	EndGlobalSection
	GlobalSection(NestedProjects) = preSolution
	EndGlobalSection
EndGlobal
